
Microsoft Visual Studio Solution File, Format Version 12.00
# Visual Studio Version 17
VisualStudioVersion = 17.5.33516.290
MinimumVisualStudioVersion = 10.0.40219.1
Project("{9A19103F-16F7-4668-BE54-9A1E7A4F7556}") = "DotNetAnnuaireApi", "DotNetAnnuaireApi\DotNetAnnuaireApi.csproj", "{92FAF96D-A1A4-4F26-9EC3-5DAE04FD6EA8}"
EndProject
Project("{FAE04EC0-301F-11D3-BF4B-00C04F79EFBC}") = "DotNetAnnuaireApp", "DotNetAnnuaireApp\DotNetAnnuaireApp.csproj", "{B2A81E94-E868-4A7F-A86B-71FC9AF18834}"
EndProject
Project("{FAE04EC0-301F-11D3-BF4B-00C04F79EFBC}") = "DotNetAnnuaireClient", "DotNetAnnuaireClient\DotNetAnnuaireClient.csproj", "{DE726E6A-0B95-4E76-981C-07DCDD44A3F3}"
EndProject
Global
	GlobalSection(SolutionConfigurationPlatforms) = preSolution
		Debug|Any CPU = Debug|Any CPU
		Release|Any CPU = Release|Any CPU
	EndGlobalSection
	GlobalSection(ProjectConfigurationPlatforms) = postSolution
		{92FAF96D-A1A4-4F26-9EC3-5DAE04FD6EA8}.Debug|Any CPU.ActiveCfg = Debug|Any CPU
		{92FAF96D-A1A4-4F26-9EC3-5DAE04FD6EA8}.Debug|Any CPU.Build.0 = Debug|Any CPU
		{92FAF96D-A1A4-4F26-9EC3-5DAE04FD6EA8}.Release|Any CPU.ActiveCfg = Release|Any CPU
		{92FAF96D-A1A4-4F26-9EC3-5DAE04FD6EA8}.Release|Any CPU.Build.0 = Release|Any CPU
		{B2A81E94-E868-4A7F-A86B-71FC9AF18834}.Debug|Any CPU.ActiveCfg = Debug|Any CPU
		{B2A81E94-E868-4A7F-A86B-71FC9AF18834}.Debug|Any CPU.Build.0 = Debug|Any CPU
		{B2A81E94-E868-4A7F-A86B-71FC9AF18834}.Debug|Any CPU.Deploy.0 = Debug|Any CPU
		{B2A81E94-E868-4A7F-A86B-71FC9AF18834}.Release|Any CPU.ActiveCfg = Release|Any CPU
		{B2A81E94-E868-4A7F-A86B-71FC9AF18834}.Release|Any CPU.Build.0 = Release|Any CPU
		{B2A81E94-E868-4A7F-A86B-71FC9AF18834}.Release|Any CPU.Deploy.0 = Release|Any CPU
		{DE726E6A-0B95-4E76-981C-07DCDD44A3F3}.Debug|Any CPU.ActiveCfg = Debug|Any CPU
		{DE726E6A-0B95-4E76-981C-07DCDD44A3F3}.Debug|Any CPU.Build.0 = Debug|Any CPU
		{DE726E6A-0B95-4E76-981C-07DCDD44A3F3}.Release|Any CPU.ActiveCfg = Release|Any CPU
		{DE726E6A-0B95-4E76-981C-07DCDD44A3F3}.Release|Any CPU.Build.0 = Release|Any CPU
	EndGlobalSection
	GlobalSection(SolutionProperties) = preSolution
		HideSolutionNode = FALSE
	EndGlobalSection
	GlobalSection(ExtensibilityGlobals) = postSolution
		SolutionGuid = {94D2EA26-0241-48DA-93EE-9FF652A83DEB}
	EndGlobalSection
EndGlobal
